
Microsoft Visual Studio Solution File, Format Version 12.00
# Visual Studio Version 16
VisualStudioVersion = 16.0.30717.126
MinimumVisualStudioVersion = 10.0.40219.1
Project("{FAE04EC0-301F-11D3-BF4B-00C04F79EFBC}") = "LeetCodeStude", "LeetCodeStude.csproj", "{5D20EC54-8761-4B64-98C5-2EE7213B516A}"
EndProject
Global
	GlobalSection(SolutionConfigurationPlatforms) = preSolution
		Debug|Any CPU = Debug|Any CPU
		Release|Any CPU = Release|Any CPU
	EndGlobalSection
	GlobalSection(ProjectConfigurationPlatforms) = postSolution
		{5D20EC54-8761-4B64-98C5-2EE7213B516A}.Debug|Any CPU.ActiveCfg = Debug|Any CPU
		{5D20EC54-8761-4B64-98C5-2EE7213B516A}.Debug|Any CPU.Build.0 = Debug|Any CPU
		{5D20EC54-8761-4B64-98C5-2EE7213B516A}.Release|Any CPU.ActiveCfg = Release|Any CPU
		{5D20EC54-8761-4B64-98C5-2EE7213B516A}.Release|Any CPU.Build.0 = Release|Any CPU
	EndGlobalSection
	GlobalSection(SolutionProperties) = preSolution
		HideSolutionNode = FALSE
	EndGlobalSection
	GlobalSection(ExtensibilityGlobals) = postSolution
		SolutionGuid = {650E9B74-236E-4A92-8719-F58DDB6646B5}
	EndGlobalSection
EndGlobal
